
Microsoft Visual Studio Solution File, Format Version 12.00
# Visual Studio Version 17
VisualStudioVersion = 17.2.32616.157
MinimumVisualStudioVersion = 10.0.40219.1
Project("{FAE04EC0-301F-11D3-BF4B-00C04F79EFBC}") = "CentralModerationSystem", "CentralModerationSystem\CentralModerationSystem.csproj", "{984A273A-A8DE-4AC0-A755-F51B4AC3010D}"
EndProject
Global
	GlobalSection(SolutionConfigurationPlatforms) = preSolution
		Debug|Any CPU = Debug|Any CPU
		Release|Any CPU = Release|Any CPU
	EndGlobalSection
	GlobalSection(ProjectConfigurationPlatforms) = postSolution
		{984A273A-A8DE-4AC0-A755-F51B4AC3010D}.Debug|Any CPU.ActiveCfg = Debug|Any CPU
		{984A273A-A8DE-4AC0-A755-F51B4AC3010D}.Debug|Any CPU.Build.0 = Debug|Any CPU
		{984A273A-A8DE-4AC0-A755-F51B4AC3010D}.Release|Any CPU.ActiveCfg = Release|Any CPU
		{984A273A-A8DE-4AC0-A755-F51B4AC3010D}.Release|Any CPU.Build.0 = Release|Any CPU
	EndGlobalSection
	GlobalSection(SolutionProperties) = preSolution
		HideSolutionNode = FALSE
	EndGlobalSection
	GlobalSection(ExtensibilityGlobals) = postSolution
		SolutionGuid = {C6A58E7A-3C97-4942-ACB8-F8E7E82AFF9C}
	EndGlobalSection
EndGlobal
